
Microsoft Visual Studio Solution File, Format Version 12.00
# Visual Studio Version 16
VisualStudioVersion = 16.0.30611.23
MinimumVisualStudioVersion = 10.0.40219.1
Project("{2150E333-8FDC-42A3-9474-1A3956D46DE8}") = "IChiba.Libraries", "IChiba.Libraries", "{BC0C7445-39F3-4777-B6A3-BEA19D9CC2A5}"
EndProject
Project("{2150E333-8FDC-42A3-9474-1A3956D46DE8}") = "IChiba.Shared", "IChiba.Shared", "{9D7047DF-F39F-48C9-8718-EC67FD36A922}"
EndProject
Project("{9A19103F-16F7-4668-BE54-9A1E7A4F7556}") = "IChiba.Core", "IChiba.Libraries\IChiba.Core\IChiba.Core.csproj", "{0C30CE71-3295-4A07-A32A-46B38FA7E141}"
EndProject
Project("{9A19103F-16F7-4668-BE54-9A1E7A4F7556}") = "IChiba.Data", "IChiba.Libraries\IChiba.Data\IChiba.Data.csproj", "{F8803DCE-47EA-4394-B653-9583E395C205}"
EndProject
Project("{2150E333-8FDC-42A3-9474-1A3956D46DE8}") = "IChiba.NoSQL", "IChiba.NoSQL", "{44C0F76C-6C05-4FCB-A953-E166EAF6F150}"
EndProject
Project("{2150E333-8FDC-42A3-9474-1A3956D46DE8}") = "IChiba.SearchEngine", "IChiba.SearchEngine", "{99695FFD-B8AC-4244-9039-278D90676844}"
EndProject
Project("{9A19103F-16F7-4668-BE54-9A1E7A4F7556}") = "IChiba.MongoDB", "IChiba.Libraries\IChiba.NoSQL\IChiba.MongoDB\IChiba.MongoDB.csproj", "{E986B372-CB06-4561-BF56-F17F727A1ED1}"
EndProject
Project("{9A19103F-16F7-4668-BE54-9A1E7A4F7556}") = "IChiba.Elasticsearch", "IChiba.Libraries\IChiba.SearchEngine\IChiba.Elasticsearch\IChiba.Elasticsearch.csproj", "{DB1CE9ED-375D-4949-A79E-7403CE93603F}"
EndProject
Project("{2150E333-8FDC-42A3-9474-1A3956D46DE8}") = "IChiba.Caching", "IChiba.Caching", "{3FA4755E-5967-4F79-A17C-98FD5C553841}"
EndProject
Project("{9A19103F-16F7-4668-BE54-9A1E7A4F7556}") = "IChiba.Web.Framework", "IChiba.Shared\IChiba.Web.Framework\IChiba.Web.Framework.csproj", "{00427718-4EC8-4C80-84E3-F597F75280D7}"
EndProject
Project("{9A19103F-16F7-4668-BE54-9A1E7A4F7556}") = "IChiba.Services", "IChiba.Libraries\IChiba.Services\IChiba.Services.csproj", "{299018E1-BBB6-4BDF-86D3-AA45A42BF6F4}"
EndProject
Project("{9A19103F-16F7-4668-BE54-9A1E7A4F7556}") = "IChiba.SharedMvc", "IChiba.Shared\IChiba.SharedMvc\IChiba.SharedMvc.csproj", "{23AB113B-A0A2-4208-94B7-600418A3421E}"
EndProject
Project("{9A19103F-16F7-4668-BE54-9A1E7A4F7556}") = "IChiba.Caching.Helpers", "IChiba.Libraries\IChiba.Caching\IChiba.Caching.Helpers\IChiba.Caching.Helpers.csproj", "{2AD0E643-7963-4E59-AF63-E7A72369F1E0}"
EndProject
Project("{9A19103F-16F7-4668-BE54-9A1E7A4F7556}") = "IChiba.Caching.Manager", "IChiba.Libraries\IChiba.Caching\IChiba.Caching.Manager\IChiba.Caching.Manager.csproj", "{1F193AE1-8758-47C0-8C11-6030320DFA7E}"
EndProject
Global
	GlobalSection(SolutionConfigurationPlatforms) = preSolution
		Debug|Any CPU = Debug|Any CPU
		Release|Any CPU = Release|Any CPU
	EndGlobalSection
	GlobalSection(ProjectConfigurationPlatforms) = postSolution
		{0C30CE71-3295-4A07-A32A-46B38FA7E141}.Debug|Any CPU.ActiveCfg = Debug|Any CPU
		{0C30CE71-3295-4A07-A32A-46B38FA7E141}.Debug|Any CPU.Build.0 = Debug|Any CPU
		{0C30CE71-3295-4A07-A32A-46B38FA7E141}.Release|Any CPU.ActiveCfg = Release|Any CPU
		{0C30CE71-3295-4A07-A32A-46B38FA7E141}.Release|Any CPU.Build.0 = Release|Any CPU
		{F8803DCE-47EA-4394-B653-9583E395C205}.Debug|Any CPU.ActiveCfg = Debug|Any CPU
		{F8803DCE-47EA-4394-B653-9583E395C205}.Debug|Any CPU.Build.0 = Debug|Any CPU
		{F8803DCE-47EA-4394-B653-9583E395C205}.Release|Any CPU.ActiveCfg = Release|Any CPU
		{F8803DCE-47EA-4394-B653-9583E395C205}.Release|Any CPU.Build.0 = Release|Any CPU
		{E986B372-CB06-4561-BF56-F17F727A1ED1}.Debug|Any CPU.ActiveCfg = Debug|Any CPU
		{E986B372-CB06-4561-BF56-F17F727A1ED1}.Debug|Any CPU.Build.0 = Debug|Any CPU
		{E986B372-CB06-4561-BF56-F17F727A1ED1}.Release|Any CPU.ActiveCfg = Release|Any CPU
		{E986B372-CB06-4561-BF56-F17F727A1ED1}.Release|Any CPU.Build.0 = Release|Any CPU
		{DB1CE9ED-375D-4949-A79E-7403CE93603F}.Debug|Any CPU.ActiveCfg = Debug|Any CPU
		{DB1CE9ED-375D-4949-A79E-7403CE93603F}.Debug|Any CPU.Build.0 = Debug|Any CPU
		{DB1CE9ED-375D-4949-A79E-7403CE93603F}.Release|Any CPU.ActiveCfg = Release|Any CPU
		{DB1CE9ED-375D-4949-A79E-7403CE93603F}.Release|Any CPU.Build.0 = Release|Any CPU
		{00427718-4EC8-4C80-84E3-F597F75280D7}.Debug|Any CPU.ActiveCfg = Debug|Any CPU
		{00427718-4EC8-4C80-84E3-F597F75280D7}.Debug|Any CPU.Build.0 = Debug|Any CPU
		{00427718-4EC8-4C80-84E3-F597F75280D7}.Release|Any CPU.ActiveCfg = Release|Any CPU
		{00427718-4EC8-4C80-84E3-F597F75280D7}.Release|Any CPU.Build.0 = Release|Any CPU
		{299018E1-BBB6-4BDF-86D3-AA45A42BF6F4}.Debug|Any CPU.ActiveCfg = Debug|Any CPU
		{299018E1-BBB6-4BDF-86D3-AA45A42BF6F4}.Debug|Any CPU.Build.0 = Debug|Any CPU
		{299018E1-BBB6-4BDF-86D3-AA45A42BF6F4}.Release|Any CPU.ActiveCfg = Release|Any CPU
		{299018E1-BBB6-4BDF-86D3-AA45A42BF6F4}.Release|Any CPU.Build.0 = Release|Any CPU
		{23AB113B-A0A2-4208-94B7-600418A3421E}.Debug|Any CPU.ActiveCfg = Debug|Any CPU
		{23AB113B-A0A2-4208-94B7-600418A3421E}.Debug|Any CPU.Build.0 = Debug|Any CPU
		{23AB113B-A0A2-4208-94B7-600418A3421E}.Release|Any CPU.ActiveCfg = Release|Any CPU
		{23AB113B-A0A2-4208-94B7-600418A3421E}.Release|Any CPU.Build.0 = Release|Any CPU
		{2AD0E643-7963-4E59-AF63-E7A72369F1E0}.Debug|Any CPU.ActiveCfg = Debug|Any CPU
		{2AD0E643-7963-4E59-AF63-E7A72369F1E0}.Debug|Any CPU.Build.0 = Debug|Any CPU
		{2AD0E643-7963-4E59-AF63-E7A72369F1E0}.Release|Any CPU.ActiveCfg = Release|Any CPU
		{2AD0E643-7963-4E59-AF63-E7A72369F1E0}.Release|Any CPU.Build.0 = Release|Any CPU
		{1F193AE1-8758-47C0-8C11-6030320DFA7E}.Debug|Any CPU.ActiveCfg = Debug|Any CPU
		{1F193AE1-8758-47C0-8C11-6030320DFA7E}.Debug|Any CPU.Build.0 = Debug|Any CPU
		{1F193AE1-8758-47C0-8C11-6030320DFA7E}.Release|Any CPU.ActiveCfg = Release|Any CPU
		{1F193AE1-8758-47C0-8C11-6030320DFA7E}.Release|Any CPU.Build.0 = Release|Any CPU
	EndGlobalSection
	GlobalSection(SolutionProperties) = preSolution
		HideSolutionNode = FALSE
	EndGlobalSection
	GlobalSection(NestedProjects) = preSolution
		{0C30CE71-3295-4A07-A32A-46B38FA7E141} = {BC0C7445-39F3-4777-B6A3-BEA19D9CC2A5}
		{F8803DCE-47EA-4394-B653-9583E395C205} = {BC0C7445-39F3-4777-B6A3-BEA19D9CC2A5}
		{44C0F76C-6C05-4FCB-A953-E166EAF6F150} = {BC0C7445-39F3-4777-B6A3-BEA19D9CC2A5}
		{99695FFD-B8AC-4244-9039-278D90676844} = {BC0C7445-39F3-4777-B6A3-BEA19D9CC2A5}
		{E986B372-CB06-4561-BF56-F17F727A1ED1} = {44C0F76C-6C05-4FCB-A953-E166EAF6F150}
		{DB1CE9ED-375D-4949-A79E-7403CE93603F} = {99695FFD-B8AC-4244-9039-278D90676844}
		{3FA4755E-5967-4F79-A17C-98FD5C553841} = {BC0C7445-39F3-4777-B6A3-BEA19D9CC2A5}
		{00427718-4EC8-4C80-84E3-F597F75280D7} = {9D7047DF-F39F-48C9-8718-EC67FD36A922}
		{299018E1-BBB6-4BDF-86D3-AA45A42BF6F4} = {BC0C7445-39F3-4777-B6A3-BEA19D9CC2A5}
		{23AB113B-A0A2-4208-94B7-600418A3421E} = {9D7047DF-F39F-48C9-8718-EC67FD36A922}
		{2AD0E643-7963-4E59-AF63-E7A72369F1E0} = {3FA4755E-5967-4F79-A17C-98FD5C553841}
		{1F193AE1-8758-47C0-8C11-6030320DFA7E} = {3FA4755E-5967-4F79-A17C-98FD5C553841}
	EndGlobalSection
	GlobalSection(ExtensibilityGlobals) = postSolution
		SolutionGuid = {C4DE7574-3FF8-410B-B3F9-F08707A814D0}
	EndGlobalSection
EndGlobal
